
Microsoft Visual Studio Solution File, Format Version 12.00
# Visual Studio Version 17
VisualStudioVersion = 17.12.35527.113 d17.12
MinimumVisualStudioVersion = 10.0.40219.1
Project("{FAE04EC0-301F-11D3-BF4B-00C04F79EFBC}") = "qual dos dois numeros é maior", "qual dos dois numeros é maior\qual dos dois numeros é maior.csproj", "{2A1CA0D3-DAEB-48E5-9F87-8FBFC0EB2FAD}"
EndProject
Global
	GlobalSection(SolutionConfigurationPlatforms) = preSolution
		Debug|Any CPU = Debug|Any CPU
		Release|Any CPU = Release|Any CPU
	EndGlobalSection
	GlobalSection(ProjectConfigurationPlatforms) = postSolution
		{2A1CA0D3-DAEB-48E5-9F87-8FBFC0EB2FAD}.Debug|Any CPU.ActiveCfg = Debug|Any CPU
		{2A1CA0D3-DAEB-48E5-9F87-8FBFC0EB2FAD}.Debug|Any CPU.Build.0 = Debug|Any CPU
		{2A1CA0D3-DAEB-48E5-9F87-8FBFC0EB2FAD}.Release|Any CPU.ActiveCfg = Release|Any CPU
		{2A1CA0D3-DAEB-48E5-9F87-8FBFC0EB2FAD}.Release|Any CPU.Build.0 = Release|Any CPU
	EndGlobalSection
	GlobalSection(SolutionProperties) = preSolution
		HideSolutionNode = FALSE
	EndGlobalSection
EndGlobal
