
Microsoft Visual Studio Solution File, Format Version 12.00
# Visual Studio Version 17
VisualStudioVersion = 17.12.35527.113 d17.12
MinimumVisualStudioVersion = 10.0.40219.1
Project("{FAE04EC0-301F-11D3-BF4B-00C04F79EFBC}") = "numeros entre 20 e 90", "numeros entre 20 e 90\numeros entre 20 e 90.csproj", "{249674A1-DB8A-482B-A76E-3BFFA6C327AA}"
EndProject
Global
	GlobalSection(SolutionConfigurationPlatforms) = preSolution
		Debug|Any CPU = Debug|Any CPU
		Release|Any CPU = Release|Any CPU
	EndGlobalSection
	GlobalSection(ProjectConfigurationPlatforms) = postSolution
		{249674A1-DB8A-482B-A76E-3BFFA6C327AA}.Debug|Any CPU.ActiveCfg = Debug|Any CPU
		{249674A1-DB8A-482B-A76E-3BFFA6C327AA}.Debug|Any CPU.Build.0 = Debug|Any CPU
		{249674A1-DB8A-482B-A76E-3BFFA6C327AA}.Release|Any CPU.ActiveCfg = Release|Any CPU
		{249674A1-DB8A-482B-A76E-3BFFA6C327AA}.Release|Any CPU.Build.0 = Release|Any CPU
	EndGlobalSection
	GlobalSection(SolutionProperties) = preSolution
		HideSolutionNode = FALSE
	EndGlobalSection
EndGlobal
