
Microsoft Visual Studio Solution File, Format Version 12.00
# Visual Studio Version 17
VisualStudioVersion = 17.12.35527.113 d17.12
MinimumVisualStudioVersion = 10.0.40219.1
Project("{FAE04EC0-301F-11D3-BF4B-00C04F79EFBC}") = "media de notas", "media de notas\media de notas.csproj", "{03E7DFC5-0A57-4EEE-AE14-FDBAD78201EF}"
EndProject
Global
	GlobalSection(SolutionConfigurationPlatforms) = preSolution
		Debug|Any CPU = Debug|Any CPU
		Release|Any CPU = Release|Any CPU
	EndGlobalSection
	GlobalSection(ProjectConfigurationPlatforms) = postSolution
		{03E7DFC5-0A57-4EEE-AE14-FDBAD78201EF}.Debug|Any CPU.ActiveCfg = Debug|Any CPU
		{03E7DFC5-0A57-4EEE-AE14-FDBAD78201EF}.Debug|Any CPU.Build.0 = Debug|Any CPU
		{03E7DFC5-0A57-4EEE-AE14-FDBAD78201EF}.Release|Any CPU.ActiveCfg = Release|Any CPU
		{03E7DFC5-0A57-4EEE-AE14-FDBAD78201EF}.Release|Any CPU.Build.0 = Release|Any CPU
	EndGlobalSection
	GlobalSection(SolutionProperties) = preSolution
		HideSolutionNode = FALSE
	EndGlobalSection
EndGlobal
